// !$*UTF8*$!
{
	archiveVersion = 1;
	classes = {
	};
	objectVersion = 56;
	objects = {

/* Begin PBXBuildFile section */
		16CE2DF62C53059500295A69 /* HelpDeskApp.swift in Sources */ = {isa = PBXBuildFile; fileRef = 16CE2DF52C53059500295A69 /* HelpDeskApp.swift */; };
		16CE2DF82C53059500295A69 /* ContentView.swift in Sources */ = {isa = PBXBuildFile; fileRef = 16CE2DF72C53059500295A69 /* ContentView.swift */; };
		16CE2DFA2C53059500295A69 /* Assets.xcassets in Resources */ = {isa = PBXBuildFile; fileRef = 16CE2DF92C53059500295A69 /* Assets.xcassets */; };
		16CE2DFD2C53059500295A69 /* Preview Assets.xcassets in Resources */ = {isa = PBXBuildFile; fileRef = 16CE2DFC2C53059500295A69 /* Preview Assets.xcassets */; };
		16CE2E062C5306A000295A69 /* AppDelegate.swift in Sources */ = {isa = PBXBuildFile; fileRef = 16CE2E052C5306A000295A69 /* AppDelegate.swift */; };
		16CE2E092C53070400295A69 /* User.swift in Sources */ = {isa = PBXBuildFile; fileRef = 16CE2E082C53070400295A69 /* User.swift */; };
		16CE2E0B2C53071200295A69 /* SessionManager.swift in Sources */ = {isa = PBXBuildFile; fileRef = 16CE2E0A2C53071200295A69 /* SessionManager.swift */; };
		16CE2E0E2C53078800295A69 /* LoginView.swift in Sources */ = {isa = PBXBuildFile; fileRef = 16CE2E0D2C53078800295A69 /* LoginView.swift */; };
		16CE2E102C5307DF00295A69 /* HomeView.swift in Sources */ = {isa = PBXBuildFile; fileRef = 16CE2E0F2C5307DF00295A69 /* HomeView.swift */; };
		16CE2E142C53092000295A69 /* FirebaseAuth in Frameworks */ = {isa = PBXBuildFile; productRef = 16CE2E132C53092000295A69 /* FirebaseAuth */; };
		16CE2E162C53092000295A69 /* FirebaseDatabase in Frameworks */ = {isa = PBXBuildFile; productRef = 16CE2E152C53092000295A69 /* FirebaseDatabase */; };
		16CE2E182C53092000295A69 /* FirebaseFirestore in Frameworks */ = {isa = PBXBuildFile; productRef = 16CE2E172C53092000295A69 /* FirebaseFirestore */; };
		16CE2E1A2C53092000295A69 /* FirebaseFirestoreSwift in Frameworks */ = {isa = PBXBuildFile; productRef = 16CE2E192C53092000295A69 /* FirebaseFirestoreSwift */; };
		16CE2E1C2C53092000295A69 /* FirebaseStorage in Frameworks */ = {isa = PBXBuildFile; productRef = 16CE2E1B2C53092000295A69 /* FirebaseStorage */; };
		16CE2E222C584C5F00295A69 /* NewChamadoView.swift in Sources */ = {isa = PBXBuildFile; fileRef = 16CE2E212C584C5F00295A69 /* NewChamadoView.swift */; };
		16CE2E242C5992F700295A69 /* ChamadoDetailView.swift in Sources */ = {isa = PBXBuildFile; fileRef = 16CE2E232C5992F700295A69 /* ChamadoDetailView.swift */; };
		D8203DE02C6C21D0005E5FC9 /* AboutView.swift in Sources */ = {isa = PBXBuildFile; fileRef = D8203DDF2C6C21D0005E5FC9 /* AboutView.swift */; };
		D88434772C59B1730043892E /* GoogleService-Info.plist in Resources */ = {isa = PBXBuildFile; fileRef = D88434762C59B1730043892E /* GoogleService-Info.plist */; };
		D88434792C59B17A0043892E /* background.png in Resources */ = {isa = PBXBuildFile; fileRef = D88434782C59B17A0043892E /* background.png */; };
		D884347B2C59B4E60043892E /* UserProfileView.swift in Sources */ = {isa = PBXBuildFile; fileRef = D884347A2C59B4E60043892E /* UserProfileView.swift */; };
		D8986F1C2C6586180036C09E /* DraftView.swift in Sources */ = {isa = PBXBuildFile; fileRef = D8986F1B2C6586180036C09E /* DraftView.swift */; };
		D8B2C2742C5C3DE2000FD667 /* ConfigsView.swift in Sources */ = {isa = PBXBuildFile; fileRef = D8B2C2732C5C3DE2000FD667 /* ConfigsView.swift */; };
		D8B2C2762C5C55A3000FD667 /* DashboardView.swift in Sources */ = {isa = PBXBuildFile; fileRef = D8B2C2752C5C55A3000FD667 /* DashboardView.swift */; };
		D8B2C2782C5C584F000FD667 /* PrivacidadeView.swift in Sources */ = {isa = PBXBuildFile; fileRef = D8B2C2772C5C584F000FD667 /* PrivacidadeView.swift */; };
		D8DE81FE2C66EABF00A6CF91 /* SettingsView.swift in Sources */ = {isa = PBXBuildFile; fileRef = D8DE81FD2C66EABF00A6CF91 /* SettingsView.swift */; };
		D8F462422C6C0D110039082D /* AskedQuestionsView.swift in Sources */ = {isa = PBXBuildFile; fileRef = D8F462412C6C0D110039082D /* AskedQuestionsView.swift */; };
/* End PBXBuildFile section */

/* Begin PBXFileReference section */
		16CE2DF22C53059500295A69 /* HelpDesk.app */ = {isa = PBXFileReference; explicitFileType = wrapper.application; includeInIndex = 0; path = HelpDesk.app; sourceTree = BUILT_PRODUCTS_DIR; };
		16CE2DF52C53059500295A69 /* HelpDeskApp.swift */ = {isa = PBXFileReference; lastKnownFileType = sourcecode.swift; path = HelpDeskApp.swift; sourceTree = "<group>"; };
		16CE2DF72C53059500295A69 /* ContentView.swift */ = {isa = PBXFileReference; lastKnownFileType = sourcecode.swift; path = ContentView.swift; sourceTree = "<group>"; };
		16CE2DF92C53059500295A69 /* Assets.xcassets */ = {isa = PBXFileReference; lastKnownFileType = folder.assetcatalog; path = Assets.xcassets; sourceTree = "<group>"; };
		16CE2DFC2C53059500295A69 /* Preview Assets.xcassets */ = {isa = PBXFileReference; lastKnownFileType = folder.assetcatalog; path = "Preview Assets.xcassets"; sourceTree = "<group>"; };
		16CE2E052C5306A000295A69 /* AppDelegate.swift */ = {isa = PBXFileReference; lastKnownFileType = sourcecode.swift; path = AppDelegate.swift; sourceTree = "<group>"; };
		16CE2E082C53070400295A69 /* User.swift */ = {isa = PBXFileReference; lastKnownFileType = sourcecode.swift; path = User.swift; sourceTree = "<group>"; };
		16CE2E0A2C53071200295A69 /* SessionManager.swift */ = {isa = PBXFileReference; lastKnownFileType = sourcecode.swift; path = SessionManager.swift; sourceTree = "<group>"; };
		16CE2E0D2C53078800295A69 /* LoginView.swift */ = {isa = PBXFileReference; lastKnownFileType = sourcecode.swift; path = LoginView.swift; sourceTree = "<group>"; };
		16CE2E0F2C5307DF00295A69 /* HomeView.swift */ = {isa = PBXFileReference; lastKnownFileType = sourcecode.swift; path = HomeView.swift; sourceTree = "<group>"; };
		16CE2E1D2C530AC100295A69 /* Info.plist */ = {isa = PBXFileReference; lastKnownFileType = text.plist; path = Info.plist; sourceTree = "<group>"; };
		16CE2E212C584C5F00295A69 /* NewChamadoView.swift */ = {isa = PBXFileReference; lastKnownFileType = sourcecode.swift; path = NewChamadoView.swift; sourceTree = "<group>"; };
		16CE2E232C5992F700295A69 /* ChamadoDetailView.swift */ = {isa = PBXFileReference; lastKnownFileType = sourcecode.swift; path = ChamadoDetailView.swift; sourceTree = "<group>"; };
		D8203DDF2C6C21D0005E5FC9 /* AboutView.swift */ = {isa = PBXFileReference; lastKnownFileType = sourcecode.swift; path = AboutView.swift; sourceTree = "<group>"; };
		D88434762C59B1730043892E /* GoogleService-Info.plist */ = {isa = PBXFileReference; fileEncoding = 4; lastKnownFileType = text.plist.xml; name = "GoogleService-Info.plist"; path = "../../../../../Downloads/GoogleService-Info.plist"; sourceTree = "<group>"; };
		D88434782C59B17A0043892E /* background.png */ = {isa = PBXFileReference; lastKnownFileType = image.png; name = background.png; path = ../../../../../../Downloads/background.png; sourceTree = "<group>"; };
		D884347A2C59B4E60043892E /* UserProfileView.swift */ = {isa = PBXFileReference; lastKnownFileType = sourcecode.swift; path = UserProfileView.swift; sourceTree = "<group>"; };
		D8986F1B2C6586180036C09E /* DraftView.swift */ = {isa = PBXFileReference; lastKnownFileType = sourcecode.swift; path = DraftView.swift; sourceTree = "<group>"; };
		D8B2C2732C5C3DE2000FD667 /* ConfigsView.swift */ = {isa = PBXFileReference; lastKnownFileType = sourcecode.swift; path = ConfigsView.swift; sourceTree = "<group>"; };
		D8B2C2752C5C55A3000FD667 /* DashboardView.swift */ = {isa = PBXFileReference; lastKnownFileType = sourcecode.swift; path = DashboardView.swift; sourceTree = "<group>"; };
		D8B2C2772C5C584F000FD667 /* PrivacidadeView.swift */ = {isa = PBXFileReference; lastKnownFileType = sourcecode.swift; path = PrivacidadeView.swift; sourceTree = "<group>"; };
		D8DE81FD2C66EABF00A6CF91 /* SettingsView.swift */ = {isa = PBXFileReference; lastKnownFileType = sourcecode.swift; path = SettingsView.swift; sourceTree = "<group>"; };
		D8F462412C6C0D110039082D /* AskedQuestionsView.swift */ = {isa = PBXFileReference; lastKnownFileType = sourcecode.swift; path = AskedQuestionsView.swift; sourceTree = "<group>"; };
/* End PBXFileReference section */

/* Begin PBXFrameworksBuildPhase section */
		16CE2DEF2C53059500295A69 /* Frameworks */ = {
			isa = PBXFrameworksBuildPhase;
			buildActionMask = 2147483647;
			files = (
				16CE2E162C53092000295A69 /* FirebaseDatabase in Frameworks */,
				16CE2E142C53092000295A69 /* FirebaseAuth in Frameworks */,
				16CE2E182C53092000295A69 /* FirebaseFirestore in Frameworks */,
				16CE2E1C2C53092000295A69 /* FirebaseStorage in Frameworks */,
				16CE2E1A2C53092000295A69 /* FirebaseFirestoreSwift in Frameworks */,
			);
			runOnlyForDeploymentPostprocessing = 0;
		};
/* End PBXFrameworksBuildPhase section */

/* Begin PBXGroup section */
		16CE2DE92C53059500295A69 = {
			isa = PBXGroup;
			children = (
				16CE2DF42C53059500295A69 /* HelpDesk */,
				16CE2DF32C53059500295A69 /* Products */,
			);
			sourceTree = "<group>";
		};
		16CE2DF32C53059500295A69 /* Products */ = {
			isa = PBXGroup;
			children = (
				16CE2DF22C53059500295A69 /* HelpDesk.app */,
			);
			name = Products;
			sourceTree = "<group>";
		};
		16CE2DF42C53059500295A69 /* HelpDesk */ = {
			isa = PBXGroup;
			children = (
				16CE2E1E2C5312B000295A69 /* Assets */,
				16CE2E1D2C530AC100295A69 /* Info.plist */,
				16CE2E0C2C53077900295A69 /* Views */,
				16CE2E072C5306F300295A69 /* Manager */,
				16CE2E042C53068700295A69 /* Application */,
				16CE2DF52C53059500295A69 /* HelpDeskApp.swift */,
				16CE2DF92C53059500295A69 /* Assets.xcassets */,
				16CE2DF72C53059500295A69 /* ContentView.swift */,
				D88434762C59B1730043892E /* GoogleService-Info.plist */,
				16CE2DFB2C53059500295A69 /* Preview Content */,
				D884347A2C59B4E60043892E /* UserProfileView.swift */,
				D8B2C2732C5C3DE2000FD667 /* ConfigsView.swift */,
				D8B2C2752C5C55A3000FD667 /* DashboardView.swift */,
				D8B2C2772C5C584F000FD667 /* PrivacidadeView.swift */,
				D8986F1B2C6586180036C09E /* DraftView.swift */,
				D8F462412C6C0D110039082D /* AskedQuestionsView.swift */,
				D8203DDF2C6C21D0005E5FC9 /* AboutView.swift */,
			);
			path = HelpDesk;
			sourceTree = "<group>";
		};
		16CE2DFB2C53059500295A69 /* Preview Content */ = {
			isa = PBXGroup;
			children = (
				16CE2DFC2C53059500295A69 /* Preview Assets.xcassets */,
			);
			path = "Preview Content";
			sourceTree = "<group>";
		};
		16CE2E042C53068700295A69 /* Application */ = {
			isa = PBXGroup;
			children = (
				16CE2E052C5306A000295A69 /* AppDelegate.swift */,
			);
			path = Application;
			sourceTree = "<group>";
		};
		16CE2E072C5306F300295A69 /* Manager */ = {
			isa = PBXGroup;
			children = (
				16CE2E082C53070400295A69 /* User.swift */,
				16CE2E0A2C53071200295A69 /* SessionManager.swift */,
			);
			path = Manager;
			sourceTree = "<group>";
		};
		16CE2E0C2C53077900295A69 /* Views */ = {
			isa = PBXGroup;
			children = (
				16CE2E0D2C53078800295A69 /* LoginView.swift */,
				16CE2E0F2C5307DF00295A69 /* HomeView.swift */,
				16CE2E212C584C5F00295A69 /* NewChamadoView.swift */,
				16CE2E232C5992F700295A69 /* ChamadoDetailView.swift */,
				D8DE81FD2C66EABF00A6CF91 /* SettingsView.swift */,
			);
			path = Views;
			sourceTree = "<group>";
		};
		16CE2E1E2C5312B000295A69 /* Assets */ = {
			isa = PBXGroup;
			children = (
				D88434782C59B17A0043892E /* background.png */,
			);
			path = Assets;
			sourceTree = "<group>";
		};
/* End PBXGroup section */

/* Begin PBXNativeTarget section */
		16CE2DF12C53059500295A69 /* HelpDesk */ = {
			isa = PBXNativeTarget;
			buildConfigurationList = 16CE2E002C53059500295A69 /* Build configuration list for PBXNativeTarget "HelpDesk" */;
			buildPhases = (
				16CE2DEE2C53059500295A69 /* Sources */,
				16CE2DEF2C53059500295A69 /* Frameworks */,
				16CE2DF02C53059500295A69 /* Resources */,
			);
			buildRules = (
			);
			dependencies = (
			);
			name = HelpDesk;
			packageProductDependencies = (
				16CE2E132C53092000295A69 /* FirebaseAuth */,
				16CE2E152C53092000295A69 /* FirebaseDatabase */,
				16CE2E172C53092000295A69 /* FirebaseFirestore */,
				16CE2E192C53092000295A69 /* FirebaseFirestoreSwift */,
				16CE2E1B2C53092000295A69 /* FirebaseStorage */,
			);
			productName = HelpDesk;
			productReference = 16CE2DF22C53059500295A69 /* HelpDesk.app */;
			productType = "com.apple.product-type.application";
		};
/* End PBXNativeTarget section */

/* Begin PBXProject section */
		16CE2DEA2C53059500295A69 /* Project object */ = {
			isa = PBXProject;
			attributes = {
				BuildIndependentTargetsInParallel = 1;
				LastSwiftUpdateCheck = 1540;
				LastUpgradeCheck = 1540;
				TargetAttributes = {
					16CE2DF12C53059500295A69 = {
						CreatedOnToolsVersion = 15.4;
					};
				};
			};
			buildConfigurationList = 16CE2DED2C53059500295A69 /* Build configuration list for PBXProject "HelpDesk" */;
			compatibilityVersion = "Xcode 14.0";
			developmentRegion = "pt-BR";
			hasScannedForEncodings = 0;
			knownRegions = (
				en,
				Base,
				"pt-BR",
			);
			mainGroup = 16CE2DE92C53059500295A69;
			packageReferences = (
				16CE2E032C53067600295A69 /* XCRemoteSwiftPackageReference "firebase-ios-sdk" */,
			);
			productRefGroup = 16CE2DF32C53059500295A69 /* Products */;
			projectDirPath = "";
			projectRoot = "";
			targets = (
				16CE2DF12C53059500295A69 /* HelpDesk */,
			);
		};
/* End PBXProject section */

/* Begin PBXResourcesBuildPhase section */
		16CE2DF02C53059500295A69 /* Resources */ = {
			isa = PBXResourcesBuildPhase;
			buildActionMask = 2147483647;
			files = (
				16CE2DFD2C53059500295A69 /* Preview Assets.xcassets in Resources */,
				D88434792C59B17A0043892E /* background.png in Resources */,
				16CE2DFA2C53059500295A69 /* Assets.xcassets in Resources */,
				D88434772C59B1730043892E /* GoogleService-Info.plist in Resources */,
			);
			runOnlyForDeploymentPostprocessing = 0;
		};
/* End PBXResourcesBuildPhase section */

/* Begin PBXSourcesBuildPhase section */
		16CE2DEE2C53059500295A69 /* Sources */ = {
			isa = PBXSourcesBuildPhase;
			buildActionMask = 2147483647;
			files = (
				D8DE81FE2C66EABF00A6CF91 /* SettingsView.swift in Sources */,
				D8F462422C6C0D110039082D /* AskedQuestionsView.swift in Sources */,
				D8203DE02C6C21D0005E5FC9 /* AboutView.swift in Sources */,
				16CE2E0E2C53078800295A69 /* LoginView.swift in Sources */,
				D8B2C2762C5C55A3000FD667 /* DashboardView.swift in Sources */,
				16CE2E242C5992F700295A69 /* ChamadoDetailView.swift in Sources */,
				16CE2E222C584C5F00295A69 /* NewChamadoView.swift in Sources */,
				16CE2E102C5307DF00295A69 /* HomeView.swift in Sources */,
				D8B2C2742C5C3DE2000FD667 /* ConfigsView.swift in Sources */,
				16CE2E092C53070400295A69 /* User.swift in Sources */,
				D8B2C2782C5C584F000FD667 /* PrivacidadeView.swift in Sources */,
				D884347B2C59B4E60043892E /* UserProfileView.swift in Sources */,
				16CE2E062C5306A000295A69 /* AppDelegate.swift in Sources */,
				16CE2DF82C53059500295A69 /* ContentView.swift in Sources */,
				16CE2E0B2C53071200295A69 /* SessionManager.swift in Sources */,
				D8986F1C2C6586180036C09E /* DraftView.swift in Sources */,
				16CE2DF62C53059500295A69 /* HelpDeskApp.swift in Sources */,
			);
			runOnlyForDeploymentPostprocessing = 0;
		};
/* End PBXSourcesBuildPhase section */

/* Begin XCBuildConfiguration section */
		16CE2DFE2C53059500295A69 /* Debug */ = {
			isa = XCBuildConfiguration;
			buildSettings = {
				ALWAYS_SEARCH_USER_PATHS = NO;
				ASSETCATALOG_COMPILER_GENERATE_SWIFT_ASSET_SYMBOL_EXTENSIONS = YES;
				CLANG_ANALYZER_NONNULL = YES;
				CLANG_ANALYZER_NUMBER_OBJECT_CONVERSION = YES_AGGRESSIVE;
				CLANG_CXX_LANGUAGE_STANDARD = "gnu++20";
				CLANG_ENABLE_MODULES = YES;
				CLANG_ENABLE_OBJC_ARC = YES;
				CLANG_ENABLE_OBJC_WEAK = YES;
				CLANG_WARN_BLOCK_CAPTURE_AUTORELEASING = YES;
				CLANG_WARN_BOOL_CONVERSION = YES;
				CLANG_WARN_COMMA = YES;
				CLANG_WARN_CONSTANT_CONVERSION = YES;
				CLANG_WARN_DEPRECATED_OBJC_IMPLEMENTATIONS = YES;
				CLANG_WARN_DIRECT_OBJC_ISA_USAGE = YES_ERROR;
				CLANG_WARN_DOCUMENTATION_COMMENTS = YES;
				CLANG_WARN_EMPTY_BODY = YES;
				CLANG_WARN_ENUM_CONVERSION = YES;
				CLANG_WARN_INFINITE_RECURSION = YES;
				CLANG_WARN_INT_CONVERSION = YES;
				CLANG_WARN_NON_LITERAL_NULL_CONVERSION = YES;
				CLANG_WARN_OBJC_IMPLICIT_RETAIN_SELF = YES;
				CLANG_WARN_OBJC_LITERAL_CONVERSION = YES;
				CLANG_WARN_OBJC_ROOT_CLASS = YES_ERROR;
				CLANG_WARN_QUOTED_INCLUDE_IN_FRAMEWORK_HEADER = YES;
				CLANG_WARN_RANGE_LOOP_ANALYSIS = YES;
				CLANG_WARN_STRICT_PROTOTYPES = YES;
				CLANG_WARN_SUSPICIOUS_MOVE = YES;
				CLANG_WARN_UNGUARDED_AVAILABILITY = YES_AGGRESSIVE;
				CLANG_WARN_UNREACHABLE_CODE = YES;
				CLANG_WARN__DUPLICATE_METHOD_MATCH = YES;
				COPY_PHASE_STRIP = NO;
				DEBUG_INFORMATION_FORMAT = dwarf;
				ENABLE_STRICT_OBJC_MSGSEND = YES;
				ENABLE_TESTABILITY = YES;
				ENABLE_USER_SCRIPT_SANDBOXING = YES;
				GCC_C_LANGUAGE_STANDARD = gnu17;
				GCC_DYNAMIC_NO_PIC = NO;
				GCC_NO_COMMON_BLOCKS = YES;
				GCC_OPTIMIZATION_LEVEL = 0;
				GCC_PREPROCESSOR_DEFINITIONS = (
					"DEBUG=1",
					"$(inherited)",
				);
				GCC_WARN_64_TO_32_BIT_CONVERSION = YES;
				GCC_WARN_ABOUT_RETURN_TYPE = YES_ERROR;
				GCC_WARN_UNDECLARED_SELECTOR = YES;
				GCC_WARN_UNINITIALIZED_AUTOS = YES_AGGRESSIVE;
				GCC_WARN_UNUSED_FUNCTION = YES;
				GCC_WARN_UNUSED_VARIABLE = YES;
				IPHONEOS_DEPLOYMENT_TARGET = 17.0;
				LOCALIZATION_PREFERS_STRING_CATALOGS = YES;
				MTL_ENABLE_DEBUG_INFO = INCLUDE_SOURCE;
				MTL_FAST_MATH = YES;
				ONLY_ACTIVE_ARCH = YES;
				SDKROOT = iphoneos;
				SWIFT_ACTIVE_COMPILATION_CONDITIONS = "DEBUG $(inherited)";
				SWIFT_OPTIMIZATION_LEVEL = "-Onone";
			};
			name = Debug;
		};
		16CE2DFF2C53059500295A69 /* Release */ = {
			isa = XCBuildConfiguration;
			buildSettings = {
				ALWAYS_SEARCH_USER_PATHS = NO;
				ASSETCATALOG_COMPILER_GENERATE_SWIFT_ASSET_SYMBOL_EXTENSIONS = YES;
				CLANG_ANALYZER_NONNULL = YES;
				CLANG_ANALYZER_NUMBER_OBJECT_CONVERSION = YES_AGGRESSIVE;
				CLANG_CXX_LANGUAGE_STANDARD = "gnu++20";
				CLANG_ENABLE_MODULES = YES;
				CLANG_ENABLE_OBJC_ARC = YES;
				CLANG_ENABLE_OBJC_WEAK = YES;
				CLANG_WARN_BLOCK_CAPTURE_AUTORELEASING = YES;
				CLANG_WARN_BOOL_CONVERSION = YES;
				CLANG_WARN_COMMA = YES;
				CLANG_WARN_CONSTANT_CONVERSION = YES;
				CLANG_WARN_DEPRECATED_OBJC_IMPLEMENTATIONS = YES;
				CLANG_WARN_DIRECT_OBJC_ISA_USAGE = YES_ERROR;
				CLANG_WARN_DOCUMENTATION_COMMENTS = YES;
				CLANG_WARN_EMPTY_BODY = YES;
				CLANG_WARN_ENUM_CONVERSION = YES;
				CLANG_WARN_INFINITE_RECURSION = YES;
				CLANG_WARN_INT_CONVERSION = YES;
				CLANG_WARN_NON_LITERAL_NULL_CONVERSION = YES;
				CLANG_WARN_OBJC_IMPLICIT_RETAIN_SELF = YES;
				CLANG_WARN_OBJC_LITERAL_CONVERSION = YES;
				CLANG_WARN_OBJC_ROOT_CLASS = YES_ERROR;
				CLANG_WARN_QUOTED_INCLUDE_IN_FRAMEWORK_HEADER = YES;
				CLANG_WARN_RANGE_LOOP_ANALYSIS = YES;
				CLANG_WARN_STRICT_PROTOTYPES = YES;
				CLANG_WARN_SUSPICIOUS_MOVE = YES;
				CLANG_WARN_UNGUARDED_AVAILABILITY = YES_AGGRESSIVE;
				CLANG_WARN_UNREACHABLE_CODE = YES;
				CLANG_WARN__DUPLICATE_METHOD_MATCH = YES;
				COPY_PHASE_STRIP = NO;
				DEBUG_INFORMATION_FORMAT = "dwarf-with-dsym";
				ENABLE_NS_ASSERTIONS = NO;
				ENABLE_STRICT_OBJC_MSGSEND = YES;
				ENABLE_USER_SCRIPT_SANDBOXING = YES;
				GCC_C_LANGUAGE_STANDARD = gnu17;
				GCC_NO_COMMON_BLOCKS = YES;
				GCC_WARN_64_TO_32_BIT_CONVERSION = YES;
				GCC_WARN_ABOUT_RETURN_TYPE = YES_ERROR;
				GCC_WARN_UNDECLARED_SELECTOR = YES;
				GCC_WARN_UNINITIALIZED_AUTOS = YES_AGGRESSIVE;
				GCC_WARN_UNUSED_FUNCTION = YES;
				GCC_WARN_UNUSED_VARIABLE = YES;
				IPHONEOS_DEPLOYMENT_TARGET = 17.0;
				LOCALIZATION_PREFERS_STRING_CATALOGS = YES;
				MTL_ENABLE_DEBUG_INFO = NO;
				MTL_FAST_MATH = YES;
				SDKROOT = iphoneos;
				SWIFT_COMPILATION_MODE = wholemodule;
				VALIDATE_PRODUCT = YES;
			};
			name = Release;
		};
		16CE2E012C53059500295A69 /* Debug */ = {
			isa = XCBuildConfiguration;
			buildSettings = {
				ASSETCATALOG_COMPILER_APPICON_NAME = AppIcon;
				ASSETCATALOG_COMPILER_GLOBAL_ACCENT_COLOR_NAME = AccentColor;
				CODE_SIGN_STYLE = Automatic;
				CURRENT_PROJECT_VERSION = 1;
				DEVELOPMENT_ASSET_PATHS = "\"HelpDesk/Preview Content\"";
				ENABLE_PREVIEWS = YES;
				GENERATE_INFOPLIST_FILE = YES;
				INFOPLIST_FILE = HelpDesk/Info.plist;
				INFOPLIST_KEY_UIApplicationSceneManifest_Generation = YES;
				INFOPLIST_KEY_UIApplicationSupportsIndirectInputEvents = YES;
				INFOPLIST_KEY_UILaunchScreen_Generation = YES;
				INFOPLIST_KEY_UISupportedInterfaceOrientations_iPad = "UIInterfaceOrientationPortrait UIInterfaceOrientationPortraitUpsideDown UIInterfaceOrientationLandscapeLeft UIInterfaceOrientationLandscapeRight";
				INFOPLIST_KEY_UISupportedInterfaceOrientations_iPhone = "UIInterfaceOrientationPortrait UIInterfaceOrientationLandscapeLeft UIInterfaceOrientationLandscapeRight";
				IPHONEOS_DEPLOYMENT_TARGET = 17.0;
				LD_RUNPATH_SEARCH_PATHS = (
					"$(inherited)",
					"@executable_path/Frameworks",
				);
				MARKETING_VERSION = 1.0;
				PRODUCT_BUNDLE_IDENTIFIER = com.victorbrigido.HelpDesk;
				PRODUCT_NAME = "$(TARGET_NAME)";
				SWIFT_EMIT_LOC_STRINGS = YES;
				SWIFT_VERSION = 5.0;
				TARGETED_DEVICE_FAMILY = "1,2";
			};
			name = Debug;
		};
		16CE2E022C53059500295A69 /* Release */ = {
			isa = XCBuildConfiguration;
			buildSettings = {
				ASSETCATALOG_COMPILER_APPICON_NAME = AppIcon;
				ASSETCATALOG_COMPILER_GLOBAL_ACCENT_COLOR_NAME = AccentColor;
				CODE_SIGN_STYLE = Automatic;
				CURRENT_PROJECT_VERSION = 1;
				DEVELOPMENT_ASSET_PATHS = "\"HelpDesk/Preview Content\"";
				ENABLE_PREVIEWS = YES;
				GENERATE_INFOPLIST_FILE = YES;
				INFOPLIST_FILE = HelpDesk/Info.plist;
				INFOPLIST_KEY_UIApplicationSceneManifest_Generation = YES;
				INFOPLIST_KEY_UIApplicationSupportsIndirectInputEvents = YES;
				INFOPLIST_KEY_UILaunchScreen_Generation = YES;
				INFOPLIST_KEY_UISupportedInterfaceOrientations_iPad = "UIInterfaceOrientationPortrait UIInterfaceOrientationPortraitUpsideDown UIInterfaceOrientationLandscapeLeft UIInterfaceOrientationLandscapeRight";
				INFOPLIST_KEY_UISupportedInterfaceOrientations_iPhone = "UIInterfaceOrientationPortrait UIInterfaceOrientationLandscapeLeft UIInterfaceOrientationLandscapeRight";
				IPHONEOS_DEPLOYMENT_TARGET = 17.0;
				LD_RUNPATH_SEARCH_PATHS = (
					"$(inherited)",
					"@executable_path/Frameworks",
				);
				MARKETING_VERSION = 1.0;
				PRODUCT_BUNDLE_IDENTIFIER = com.victorbrigido.HelpDesk;
				PRODUCT_NAME = "$(TARGET_NAME)";
				SWIFT_EMIT_LOC_STRINGS = YES;
				SWIFT_VERSION = 5.0;
				TARGETED_DEVICE_FAMILY = "1,2";
			};
			name = Release;
		};
/* End XCBuildConfiguration section */

/* Begin XCConfigurationList section */
		16CE2DED2C53059500295A69 /* Build configuration list for PBXProject "HelpDesk" */ = {
			isa = XCConfigurationList;
			buildConfigurations = (
				16CE2DFE2C53059500295A69 /* Debug */,
				16CE2DFF2C53059500295A69 /* Release */,
			);
			defaultConfigurationIsVisible = 0;
			defaultConfigurationName = Release;
		};
		16CE2E002C53059500295A69 /* Build configuration list for PBXNativeTarget "HelpDesk" */ = {
			isa = XCConfigurationList;
			buildConfigurations = (
				16CE2E012C53059500295A69 /* Debug */,
				16CE2E022C53059500295A69 /* Release */,
			);
			defaultConfigurationIsVisible = 0;
			defaultConfigurationName = Release;
		};
/* End XCConfigurationList section */

/* Begin XCRemoteSwiftPackageReference section */
		16CE2E032C53067600295A69 /* XCRemoteSwiftPackageReference "firebase-ios-sdk" */ = {
			isa = XCRemoteSwiftPackageReference;
			repositoryURL = "https://github.com/firebase/firebase-ios-sdk.git";
			requirement = {
				kind = upToNextMajorVersion;
				minimumVersion = 10.29.0;
			};
		};
/* End XCRemoteSwiftPackageReference section */

/* Begin XCSwiftPackageProductDependency section */
		16CE2E132C53092000295A69 /* FirebaseAuth */ = {
			isa = XCSwiftPackageProductDependency;
			package = 16CE2E032C53067600295A69 /* XCRemoteSwiftPackageReference "firebase-ios-sdk" */;
			productName = FirebaseAuth;
		};
		16CE2E152C53092000295A69 /* FirebaseDatabase */ = {
			isa = XCSwiftPackageProductDependency;
			package = 16CE2E032C53067600295A69 /* XCRemoteSwiftPackageReference "firebase-ios-sdk" */;
			productName = FirebaseDatabase;
		};
		16CE2E172C53092000295A69 /* FirebaseFirestore */ = {
			isa = XCSwiftPackageProductDependency;
			package = 16CE2E032C53067600295A69 /* XCRemoteSwiftPackageReference "firebase-ios-sdk" */;
			productName = FirebaseFirestore;
		};
		16CE2E192C53092000295A69 /* FirebaseFirestoreSwift */ = {
			isa = XCSwiftPackageProductDependency;
			package = 16CE2E032C53067600295A69 /* XCRemoteSwiftPackageReference "firebase-ios-sdk" */;
			productName = FirebaseFirestoreSwift;
		};
		16CE2E1B2C53092000295A69 /* FirebaseStorage */ = {
			isa = XCSwiftPackageProductDependency;
			package = 16CE2E032C53067600295A69 /* XCRemoteSwiftPackageReference "firebase-ios-sdk" */;
			productName = FirebaseStorage;
		};
/* End XCSwiftPackageProductDependency section */
	};
	rootObject = 16CE2DEA2C53059500295A69 /* Project object */;
}
